// !$*UTF8*$!
{
	archiveVersion = 1;
	classes = {
	};
	objectVersion = 50;
	objects = {

/* Begin PBXBuildFile section */
		BD07ACE12274A96F00E88774 /* AppDelegate.swift in Sources */ = {isa = PBXBuildFile; fileRef = BD07ACE02274A96F00E88774 /* AppDelegate.swift */; };
		BD07ACE32274A96F00E88774 /* ViewController.swift in Sources */ = {isa = PBXBuildFile; fileRef = BD07ACE22274A96F00E88774 /* ViewController.swift */; };
		BD07ACE62274A96F00E88774 /* Main.storyboard in Resources */ = {isa = PBXBuildFile; fileRef = BD07ACE42274A96F00E88774 /* Main.storyboard */; };
		BD07ACE82274A97000E88774 /* Assets.xcassets in Resources */ = {isa = PBXBuildFile; fileRef = BD07ACE72274A97000E88774 /* Assets.xcassets */; };
		BD07ACEB2274A97000E88774 /* LaunchScreen.storyboard in Resources */ = {isa = PBXBuildFile; fileRef = BD07ACE92274A97000E88774 /* LaunchScreen.storyboard */; };
		BD11210D227DD8DB00680B00 /* LiveViewController.swift in Sources */ = {isa = PBXBuildFile; fileRef = BD11210C227DD8DB00680B00 /* LiveViewController.swift */; };
/* End PBXBuildFile section */

/* Begin PBXFileReference section */
		BD07ACDD2274A96F00E88774 /* TrashClassifier.app */ = {isa = PBXFileReference; explicitFileType = wrapper.application; includeInIndex = 0; path = TrashClassifier.app; sourceTree = BUILT_PRODUCTS_DIR; };
		BD07ACE02274A96F00E88774 /* AppDelegate.swift */ = {isa = PBXFileReference; lastKnownFileType = sourcecode.swift; path = AppDelegate.swift; sourceTree = "<group>"; };
		BD07ACE22274A96F00E88774 /* ViewController.swift */ = {isa = PBXFileReference; lastKnownFileType = sourcecode.swift; path = ViewController.swift; sourceTree = "<group>"; };
		BD07ACE52274A96F00E88774 /* Base */ = {isa = PBXFileReference; lastKnownFileType = file.storyboard; name = Base; path = Base.lproj/Main.storyboard; sourceTree = "<group>"; };
		BD07ACE72274A97000E88774 /* Assets.xcassets */ = {isa = PBXFileReference; lastKnownFileType = folder.assetcatalog; path = Assets.xcassets; sourceTree = "<group>"; };
		BD07ACEA2274A97000E88774 /* Base */ = {isa = PBXFileReference; lastKnownFileType = file.storyboard; name = Base; path = Base.lproj/LaunchScreen.storyboard; sourceTree = "<group>"; };
		BD07ACEC2274A97000E88774 /* Info.plist */ = {isa = PBXFileReference; lastKnownFileType = text.plist.xml; path = Info.plist; sourceTree = "<group>"; };
		BD11210C227DD8DB00680B00 /* LiveViewController.swift */ = {isa = PBXFileReference; lastKnownFileType = sourcecode.swift; path = LiveViewController.swift; sourceTree = "<group>"; };
/* End PBXFileReference section */

/* Begin PBXFrameworksBuildPhase section */
		BD07ACDA2274A96F00E88774 /* Frameworks */ = {
			isa = PBXFrameworksBuildPhase;
			buildActionMask = 2147483647;
			files = (
			);
			runOnlyForDeploymentPostprocessing = 0;
		};
/* End PBXFrameworksBuildPhase section */

/* Begin PBXGroup section */
		BD07ACD42274A96F00E88774 = {
			isa = PBXGroup;
			children = (
				BD07ACDF2274A96F00E88774 /* TrashClassifier */,
				BD07ACDE2274A96F00E88774 /* Products */,
			);
			sourceTree = "<group>";
		};
		BD07ACDE2274A96F00E88774 /* Products */ = {
			isa = PBXGroup;
			children = (
				BD07ACDD2274A96F00E88774 /* TrashClassifier.app */,
			);
			name = Products;
			sourceTree = "<group>";
		};
		BD07ACDF2274A96F00E88774 /* TrashClassifier */ = {
			isa = PBXGroup;
			children = (
				BD07ACE02274A96F00E88774 /* AppDelegate.swift */,
				BD07ACE22274A96F00E88774 /* ViewController.swift */,
				BD11210C227DD8DB00680B00 /* LiveViewController.swift */,
				BD07ACE42274A96F00E88774 /* Main.storyboard */,
				BD07ACE72274A97000E88774 /* Assets.xcassets */,
				BD07ACE92274A97000E88774 /* LaunchScreen.storyboard */,
				BD07ACEC2274A97000E88774 /* Info.plist */,
			);
			path = TrashClassifier;
			sourceTree = "<group>";
		};
/* End PBXGroup section */

/* Begin PBXNativeTarget section */
		BD07ACDC2274A96F00E88774 /* TrashClassifier */ = {
			isa = PBXNativeTarget;
			buildConfigurationList = BD07ACEF2274A97000E88774 /* Build configuration list for PBXNativeTarget "TrashClassifier" */;
			buildPhases = (
				BD07ACD92274A96F00E88774 /* Sources */,
				BD07ACDA2274A96F00E88774 /* Frameworks */,
				BD07ACDB2274A96F00E88774 /* Resources */,
			);
			buildRules = (
			);
			dependencies = (
			);
			name = TrashClassifier;
			productName = TrashClassifier;
			productReference = BD07ACDD2274A96F00E88774 /* TrashClassifier.app */;
			productType = "com.apple.product-type.application";
		};
/* End PBXNativeTarget section */

/* Begin PBXProject section */
		BD07ACD52274A96F00E88774 /* Project object */ = {
			isa = PBXProject;
			attributes = {
				LastSwiftUpdateCheck = 1010;
				LastUpgradeCheck = 1010;
				ORGANIZATIONNAME = "Zamzam Farzamipooya";
				TargetAttributes = {
					BD07ACDC2274A96F00E88774 = {
						CreatedOnToolsVersion = 10.1;
					};
				};
			};
			buildConfigurationList = BD07ACD82274A96F00E88774 /* Build configuration list for PBXProject "TrashClassifier" */;
			compatibilityVersion = "Xcode 9.3";
			developmentRegion = en;
			hasScannedForEncodings = 0;
			knownRegions = (
				en,
				Base,
			);
			mainGroup = BD07ACD42274A96F00E88774;
			productRefGroup = BD07ACDE2274A96F00E88774 /* Products */;
			projectDirPath = "";
			projectRoot = "";
			targets = (
				BD07ACDC2274A96F00E88774 /* TrashClassifier */,
			);
		};
/* End PBXProject section */

/* Begin PBXResourcesBuildPhase section */
		BD07ACDB2274A96F00E88774 /* Resources */ = {
			isa = PBXResourcesBuildPhase;
			buildActionMask = 2147483647;
			files = (
				BD07ACEB2274A97000E88774 /* LaunchScreen.storyboard in Resources */,
				BD07ACE82274A97000E88774 /* Assets.xcassets in Resources */,
				BD07ACE62274A96F00E88774 /* Main.storyboard in Resources */,
			);
			runOnlyForDeploymentPostprocessing = 0;
		};
/* End PBXResourcesBuildPhase section */

/* Begin PBXSourcesBuildPhase section */
		BD07ACD92274A96F00E88774 /* Sources */ = {
			isa = PBXSourcesBuildPhase;
			buildActionMask = 2147483647;
			files = (
				BD07ACE32274A96F00E88774 /* ViewController.swift in Sources */,
				BD11210D227DD8DB00680B00 /* LiveViewController.swift in Sources */,
				BD07ACE12274A96F00E88774 /* AppDelegate.swift in Sources */,
			);
			runOnlyForDeploymentPostprocessing = 0;
		};
/* End PBXSourcesBuildPhase section */

/* Begin PBXVariantGroup section */
		BD07ACE42274A96F00E88774 /* Main.storyboard */ = {
			isa = PBXVariantGroup;
			children = (
				BD07ACE52274A96F00E88774 /* Base */,
			);
			name = Main.storyboard;
			sourceTree = "<group>";
		};
		BD07ACE92274A97000E88774 /* LaunchScreen.storyboard */ = {
			isa = PBXVariantGroup;
			children = (
				BD07ACEA2274A97000E88774 /* Base */,
			);
			name = LaunchScreen.storyboard;
			sourceTree = "<group>";
		};
/* End PBXVariantGroup section */

/* Begin XCBuildConfiguration section */
		BD07ACED2274A97000E88774 /* Debug */ = {
			isa = XCBuildConfiguration;
			buildSettings = {
				ALWAYS_SEARCH_USER_PATHS = NO;
				CLANG_ANALYZER_NONNULL = YES;
				CLANG_ANALYZER_NUMBER_OBJECT_CONVERSION = YES_AGGRESSIVE;
				CLANG_CXX_LANGUAGE_STANDARD = "gnu++14";
				CLANG_CXX_LIBRARY = "libc++";
				CLANG_ENABLE_MODULES = YES;
				CLANG_ENABLE_OBJC_ARC = YES;
				CLANG_ENABLE_OBJC_WEAK = YES;
				CLANG_WARN_BLOCK_CAPTURE_AUTORELEASING = YES;
				CLANG_WARN_BOOL_CONVERSION = YES;
				CLANG_WARN_COMMA = YES;
				CLANG_WARN_CONSTANT_CONVERSION = YES;
				CLANG_WARN_DEPRECATED_OBJC_IMPLEMENTATIONS = YES;
				CLANG_WARN_DIRECT_OBJC_ISA_USAGE = YES_ERROR;
				CLANG_WARN_DOCUMENTATION_COMMENTS = YES;
				CLANG_WARN_EMPTY_BODY = YES;
				CLANG_WARN_ENUM_CONVERSION = YES;
				CLANG_WARN_INFINITE_RECURSION = YES;
				CLANG_WARN_INT_CONVERSION = YES;
				CLANG_WARN_NON_LITERAL_NULL_CONVERSION = YES;
				CLANG_WARN_OBJC_IMPLICIT_RETAIN_SELF = YES;
				CLANG_WARN_OBJC_LITERAL_CONVERSION = YES;
				CLANG_WARN_OBJC_ROOT_CLASS = YES_ERROR;
				CLANG_WARN_RANGE_LOOP_ANALYSIS = YES;
				CLANG_WARN_STRICT_PROTOTYPES = YES;
				CLANG_WARN_SUSPICIOUS_MOVE = YES;
				CLANG_WARN_UNGUARDED_AVAILABILITY = YES_AGGRESSIVE;
				CLANG_WARN_UNREACHABLE_CODE = YES;
				CLANG_WARN__DUPLICATE_METHOD_MATCH = YES;
				CODE_SIGN_IDENTITY = "iPhone Developer";
				COPY_PHASE_STRIP = NO;
				DEBUG_INFORMATION_FORMAT = dwarf;
				ENABLE_STRICT_OBJC_MSGSEND = YES;
				ENABLE_TESTABILITY = YES;
				GCC_C_LANGUAGE_STANDARD = gnu11;
				GCC_DYNAMIC_NO_PIC = NO;
				GCC_NO_COMMON_BLOCKS = YES;
				GCC_OPTIMIZATION_LEVEL = 0;
				GCC_PREPROCESSOR_DEFINITIONS = (
					"DEBUG=1",
					"$(inherited)",
				);
				GCC_WARN_64_TO_32_BIT_CONVERSION = YES;
				GCC_WARN_ABOUT_RETURN_TYPE = YES_ERROR;
				GCC_WARN_UNDECLARED_SELECTOR = YES;
				GCC_WARN_UNINITIALIZED_AUTOS = YES_AGGRESSIVE;
				GCC_WARN_UNUSED_FUNCTION = YES;
				GCC_WARN_UNUSED_VARIABLE = YES;
				IPHONEOS_DEPLOYMENT_TARGET = 12.1;
				MTL_ENABLE_DEBUG_INFO = INCLUDE_SOURCE;
				MTL_FAST_MATH = YES;
				ONLY_ACTIVE_ARCH = YES;
				SDKROOT = iphoneos;
				SWIFT_ACTIVE_COMPILATION_CONDITIONS = DEBUG;
				SWIFT_OPTIMIZATION_LEVEL = "-Onone";
			};
			name = Debug;
		};
		BD07ACEE2274A97000E88774 /* Release */ = {
			isa = XCBuildConfiguration;
			buildSettings = {
				ALWAYS_SEARCH_USER_PATHS = NO;
				CLANG_ANALYZER_NONNULL = YES;
				CLANG_ANALYZER_NUMBER_OBJECT_CONVERSION = YES_AGGRESSIVE;
				CLANG_CXX_LANGUAGE_STANDARD = "gnu++14";
				CLANG_CXX_LIBRARY = "libc++";
				CLANG_ENABLE_MODULES = YES;
				CLANG_ENABLE_OBJC_ARC = YES;
				CLANG_ENABLE_OBJC_WEAK = YES;
				CLANG_WARN_BLOCK_CAPTURE_AUTORELEASING = YES;
				CLANG_WARN_BOOL_CONVERSION = YES;
				CLANG_WARN_COMMA = YES;
				CLANG_WARN_CONSTANT_CONVERSION = YES;
				CLANG_WARN_DEPRECATED_OBJC_IMPLEMENTATIONS = YES;
				CLANG_WARN_DIRECT_OBJC_ISA_USAGE = YES_ERROR;
				CLANG_WARN_DOCUMENTATION_COMMENTS = YES;
				CLANG_WARN_EMPTY_BODY = YES;
				CLANG_WARN_ENUM_CONVERSION = YES;
				CLANG_WARN_INFINITE_RECURSION = YES;
				CLANG_WARN_INT_CONVERSION = YES;
				CLANG_WARN_NON_LITERAL_NULL_CONVERSION = YES;
				CLANG_WARN_OBJC_IMPLICIT_RETAIN_SELF = YES;
				CLANG_WARN_OBJC_LITERAL_CONVERSION = YES;
				CLANG_WARN_OBJC_ROOT_CLASS = YES_ERROR;
				CLANG_WARN_RANGE_LOOP_ANALYSIS = YES;
				CLANG_WARN_STRICT_PROTOTYPES = YES;
				CLANG_WARN_SUSPICIOUS_MOVE = YES;
				CLANG_WARN_UNGUARDED_AVAILABILITY = YES_AGGRESSIVE;
				CLANG_WARN_UNREACHABLE_CODE = YES;
				CLANG_WARN__DUPLICATE_METHOD_MATCH = YES;
				CODE_SIGN_IDENTITY = "iPhone Developer";
				COPY_PHASE_STRIP = NO;
				DEBUG_INFORMATION_FORMAT = "dwarf-with-dsym";
				ENABLE_NS_ASSERTIONS = NO;
				ENABLE_STRICT_OBJC_MSGSEND = YES;
				GCC_C_LANGUAGE_STANDARD = gnu11;
				GCC_NO_COMMON_BLOCKS = YES;
				GCC_WARN_64_TO_32_BIT_CONVERSION = YES;
				GCC_WARN_ABOUT_RETURN_TYPE = YES_ERROR;
				GCC_WARN_UNDECLARED_SELECTOR = YES;
				GCC_WARN_UNINITIALIZED_AUTOS = YES_AGGRESSIVE;
				GCC_WARN_UNUSED_FUNCTION = YES;
				GCC_WARN_UNUSED_VARIABLE = YES;
				IPHONEOS_DEPLOYMENT_TARGET = 12.1;
				MTL_ENABLE_DEBUG_INFO = NO;
				MTL_FAST_MATH = YES;
				SDKROOT = iphoneos;
				SWIFT_COMPILATION_MODE = wholemodule;
				SWIFT_OPTIMIZATION_LEVEL = "-O";
				VALIDATE_PRODUCT = YES;
			};
			name = Release;
		};
		BD07ACF02274A97000E88774 /* Debug */ = {
			isa = XCBuildConfiguration;
			buildSettings = {
				ASSETCATALOG_COMPILER_APPICON_NAME = AppIcon;
				CODE_SIGN_STYLE = Automatic;
				DEVELOPMENT_TEAM = "";
				INFOPLIST_FILE = TrashClassifier/Info.plist;
				LD_RUNPATH_SEARCH_PATHS = (
					"$(inherited)",
					"@executable_path/Frameworks",
				);
				PRODUCT_BUNDLE_IDENTIFIER = zamzam.trashClassifier.economic.com.TrashClassifier;
				PRODUCT_NAME = "$(TARGET_NAME)";
				SWIFT_VERSION = 4.2;
				TARGETED_DEVICE_FAMILY = "1,2";
			};
			name = Debug;
		};
		BD07ACF12274A97000E88774 /* Release */ = {
			isa = XCBuildConfiguration;
			buildSettings = {
				ASSETCATALOG_COMPILER_APPICON_NAME = AppIcon;
				CODE_SIGN_STYLE = Automatic;
				DEVELOPMENT_TEAM = "";
				INFOPLIST_FILE = TrashClassifier/Info.plist;
				LD_RUNPATH_SEARCH_PATHS = (
					"$(inherited)",
					"@executable_path/Frameworks",
				);
				PRODUCT_BUNDLE_IDENTIFIER = zamzam.trashClassifier.economic.com.TrashClassifier;
				PRODUCT_NAME = "$(TARGET_NAME)";
				SWIFT_VERSION = 4.2;
				TARGETED_DEVICE_FAMILY = "1,2";
			};
			name = Release;
		};
/* End XCBuildConfiguration section */

/* Begin XCConfigurationList section */
		BD07ACD82274A96F00E88774 /* Build configuration list for PBXProject "TrashClassifier" */ = {
			isa = XCConfigurationList;
			buildConfigurations = (
				BD07ACED2274A97000E88774 /* Debug */,
				BD07ACEE2274A97000E88774 /* Release */,
			);
			defaultConfigurationIsVisible = 0;
			defaultConfigurationName = Release;
		};
		BD07ACEF2274A97000E88774 /* Build configuration list for PBXNativeTarget "TrashClassifier" */ = {
			isa = XCConfigurationList;
			buildConfigurations = (
				BD07ACF02274A97000E88774 /* Debug */,
				BD07ACF12274A97000E88774 /* Release */,
			);
			defaultConfigurationIsVisible = 0;
			defaultConfigurationName = Release;
		};
/* End XCConfigurationList section */
	};
	rootObject = BD07ACD52274A96F00E88774 /* Project object */;
}
